{
  "name": "upgradeable-proxy",
  "version": "1.0.0",
  "lockfileVersion": 3,
  "requires": true,
  "packages": {
    "": {
      "name": "upgradeable-proxy",
      "version": "1.0.0",
      "license": "ISC",
      "dependencies": {
        "@openzeppelin/contracts-upgradeable": "^5.0.2",
        "@synthetixio/core-contracts": "^3.3.19",
        "@synthetixio/core-modules": "^3.3.19"
      }
    },
    "node_modules/@openzeppelin/contracts": {
      "version": "5.0.2",
      "resolved": "https://registry.npmjs.org/@openzeppelin/contracts/-/contracts-5.0.2.tgz",
      "integrity": "sha512-ytPc6eLGcHHnapAZ9S+5qsdomhjo6QBHTDRRBFfTxXIpsicMhVPouPgmUPebZZZGX7vt9USA+Z+0M0dSVtSUEA==",
      "license": "MIT",
      "peer": true
    },
    "node_modules/@openzeppelin/contracts-upgradeable": {
      "version": "5.0.2",
      "resolved": "https://registry.npmjs.org/@openzeppelin/contracts-upgradeable/-/contracts-upgradeable-5.0.2.tgz",
      "integrity": "sha512-0MmkHSHiW2NRFiT9/r5Lu4eJq5UJ4/tzlOgYXNAIj/ONkQTVnz22pLxDvp4C4uZ9he7ZFvGn3Driptn1/iU7tQ==",
      "license": "MIT",
      "peerDependencies": {
        "@openzeppelin/contracts": "5.0.2"
      }
    },
    "node_modules/@synthetixio/core-contracts": {
      "version": "3.3.19",
      "resolved": "https://registry.npmjs.org/@synthetixio/core-contracts/-/core-contracts-3.3.19.tgz",
      "integrity": "sha512-9D72IXBOuDchcVOiMwL9aQQyyoObCYfuvDN6ccC1UTzBZYsj6fT3QKJ+DYjULQNGObM1FjAnfe4r8u0gUZRYJg==",
      "license": "MIT"
    },
    "node_modules/@synthetixio/core-modules": {
      "version": "3.3.19",
      "resolved": "https://registry.npmjs.org/@synthetixio/core-modules/-/core-modules-3.3.19.tgz",
      "integrity": "sha512-HmqZ806pt9SvqOR19vUg6y2it3nQBdos/+rFDCOn/O2Iv5rAZGLRPA9+149LU0R1w0wJ19G6cNUzg76mRlObMw==",
      "license": "MIT"
    }
  }
}
